
Microsoft Visual Studio Solution File, Format Version 12.00
# Visual Studio 15
VisualStudioVersion = 15.0.26124.0
MinimumVisualStudioVersion = 15.0.26124.0
Project("{2150E333-8FDC-42A3-9474-1A3956D46DE8}") = "src", "src", "{04151862-5686-4770-9490-58F7143E1E33}"
EndProject
Project("{FAE04EC0-301F-11D3-BF4B-00C04F79EFBC}") = "Geedunk", "src\Geedunk\Geedunk.csproj", "{8F1238D8-305E-4775-9EAE-434E966AFD0C}"
EndProject
Project("{FAE04EC0-301F-11D3-BF4B-00C04F79EFBC}") = "Geedunk.Common", "src\Geedunk.Common\Geedunk.Common.csproj", "{55A8F09B-1C9B-46E9-A3F0-8BCAC8FE05EF}"
EndProject
Global
	GlobalSection(SolutionConfigurationPlatforms) = preSolution
		Debug|Any CPU = Debug|Any CPU
		Debug|x64 = Debug|x64
		Debug|x86 = Debug|x86
		Release|Any CPU = Release|Any CPU
		Release|x64 = Release|x64
		Release|x86 = Release|x86
	EndGlobalSection
	GlobalSection(SolutionProperties) = preSolution
		HideSolutionNode = FALSE
	EndGlobalSection
	GlobalSection(ProjectConfigurationPlatforms) = postSolution
		{8F1238D8-305E-4775-9EAE-434E966AFD0C}.Debug|Any CPU.ActiveCfg = Debug|Any CPU
		{8F1238D8-305E-4775-9EAE-434E966AFD0C}.Debug|Any CPU.Build.0 = Debug|Any CPU
		{8F1238D8-305E-4775-9EAE-434E966AFD0C}.Debug|x64.ActiveCfg = Debug|Any CPU
		{8F1238D8-305E-4775-9EAE-434E966AFD0C}.Debug|x64.Build.0 = Debug|Any CPU
		{8F1238D8-305E-4775-9EAE-434E966AFD0C}.Debug|x86.ActiveCfg = Debug|Any CPU
		{8F1238D8-305E-4775-9EAE-434E966AFD0C}.Debug|x86.Build.0 = Debug|Any CPU
		{8F1238D8-305E-4775-9EAE-434E966AFD0C}.Release|Any CPU.ActiveCfg = Release|Any CPU
		{8F1238D8-305E-4775-9EAE-434E966AFD0C}.Release|Any CPU.Build.0 = Release|Any CPU
		{8F1238D8-305E-4775-9EAE-434E966AFD0C}.Release|x64.ActiveCfg = Release|Any CPU
		{8F1238D8-305E-4775-9EAE-434E966AFD0C}.Release|x64.Build.0 = Release|Any CPU
		{8F1238D8-305E-4775-9EAE-434E966AFD0C}.Release|x86.ActiveCfg = Release|Any CPU
		{8F1238D8-305E-4775-9EAE-434E966AFD0C}.Release|x86.Build.0 = Release|Any CPU
		{55A8F09B-1C9B-46E9-A3F0-8BCAC8FE05EF}.Debug|Any CPU.ActiveCfg = Debug|Any CPU
		{55A8F09B-1C9B-46E9-A3F0-8BCAC8FE05EF}.Debug|Any CPU.Build.0 = Debug|Any CPU
		{55A8F09B-1C9B-46E9-A3F0-8BCAC8FE05EF}.Debug|x64.ActiveCfg = Debug|Any CPU
		{55A8F09B-1C9B-46E9-A3F0-8BCAC8FE05EF}.Debug|x64.Build.0 = Debug|Any CPU
		{55A8F09B-1C9B-46E9-A3F0-8BCAC8FE05EF}.Debug|x86.ActiveCfg = Debug|Any CPU
		{55A8F09B-1C9B-46E9-A3F0-8BCAC8FE05EF}.Debug|x86.Build.0 = Debug|Any CPU
		{55A8F09B-1C9B-46E9-A3F0-8BCAC8FE05EF}.Release|Any CPU.ActiveCfg = Release|Any CPU
		{55A8F09B-1C9B-46E9-A3F0-8BCAC8FE05EF}.Release|Any CPU.Build.0 = Release|Any CPU
		{55A8F09B-1C9B-46E9-A3F0-8BCAC8FE05EF}.Release|x64.ActiveCfg = Release|Any CPU
		{55A8F09B-1C9B-46E9-A3F0-8BCAC8FE05EF}.Release|x64.Build.0 = Release|Any CPU
		{55A8F09B-1C9B-46E9-A3F0-8BCAC8FE05EF}.Release|x86.ActiveCfg = Release|Any CPU
		{55A8F09B-1C9B-46E9-A3F0-8BCAC8FE05EF}.Release|x86.Build.0 = Release|Any CPU
	EndGlobalSection
	GlobalSection(NestedProjects) = preSolution
		{8F1238D8-305E-4775-9EAE-434E966AFD0C} = {04151862-5686-4770-9490-58F7143E1E33}
		{55A8F09B-1C9B-46E9-A3F0-8BCAC8FE05EF} = {04151862-5686-4770-9490-58F7143E1E33}
	EndGlobalSection
EndGlobal
